
Microsoft Visual Studio Solution File, Format Version 12.00
# Visual Studio 15
VisualStudioVersion = 15.0.26730.3
MinimumVisualStudioVersion = 10.0.40219.1
Project("{9A19103F-16F7-4668-BE54-9A1E7A4F7556}") = "HBD.Services.Caching.St20", "HBD.Services.Caching.St20\HBD.Services.Caching.St20.csproj", "{8ECA012E-D3A6-4143-9EE7-1F072C4F7CA1}"
EndProject
Project("{2150E333-8FDC-42A3-9474-1A3956D46DE8}") = "Solution Items", "Solution Items", "{7219F2D1-7FE6-4982-8008-C06E424D6F2C}"
	ProjectSection(SolutionItems) = preProject
		ReadMe.md = ReadMe.md
	EndProjectSection
EndProject
Project("{9A19103F-16F7-4668-BE54-9A1E7A4F7556}") = "HBD.Services.Caching.StTests", "HBD.Services.Caching.StTests\HBD.Services.Caching.StTests.csproj", "{98C232D0-74A5-492D-8F42-216D46085EA2}"
EndProject
Global
	GlobalSection(SolutionConfigurationPlatforms) = preSolution
		Debug|Any CPU = Debug|Any CPU
		Release|Any CPU = Release|Any CPU
	EndGlobalSection
	GlobalSection(ProjectConfigurationPlatforms) = postSolution
		{8ECA012E-D3A6-4143-9EE7-1F072C4F7CA1}.Debug|Any CPU.ActiveCfg = Debug|Any CPU
		{8ECA012E-D3A6-4143-9EE7-1F072C4F7CA1}.Debug|Any CPU.Build.0 = Debug|Any CPU
		{8ECA012E-D3A6-4143-9EE7-1F072C4F7CA1}.Release|Any CPU.ActiveCfg = Release|Any CPU
		{8ECA012E-D3A6-4143-9EE7-1F072C4F7CA1}.Release|Any CPU.Build.0 = Release|Any CPU
		{98C232D0-74A5-492D-8F42-216D46085EA2}.Debug|Any CPU.ActiveCfg = Debug|Any CPU
		{98C232D0-74A5-492D-8F42-216D46085EA2}.Debug|Any CPU.Build.0 = Debug|Any CPU
		{98C232D0-74A5-492D-8F42-216D46085EA2}.Release|Any CPU.ActiveCfg = Release|Any CPU
		{98C232D0-74A5-492D-8F42-216D46085EA2}.Release|Any CPU.Build.0 = Release|Any CPU
	EndGlobalSection
	GlobalSection(SolutionProperties) = preSolution
		HideSolutionNode = FALSE
	EndGlobalSection
	GlobalSection(ExtensibilityGlobals) = postSolution
		SolutionGuid = {F9FE665F-773C-4D54-BB95-77A318B03894}
	EndGlobalSection
EndGlobal
