
Microsoft Visual Studio Solution File, Format Version 12.00
# Visual Studio 15
VisualStudioVersion = 15.0.26730.3
MinimumVisualStudioVersion = 10.0.40219.1
Project("{D954291E-2A0B-460D-934E-DC6B0785DB48}") = "HBD.Services.Singleton.Share", "HBD.Services.Singleton.Share\HBD.Services.Singleton.Share.shproj", "{6D0E49C4-94CB-4A14-BF00-BE119F81EF70}"
EndProject
Project("{2150E333-8FDC-42A3-9474-1A3956D46DE8}") = "1. Shared", "1. Shared", "{AB2BAE19-DC69-495F-A58C-140F4A4FD656}"
EndProject
Project("{2150E333-8FDC-42A3-9474-1A3956D46DE8}") = "2. Compilation", "2. Compilation", "{9A97F051-5CF6-41AA-8B19-0ADD3B7B611F}"
EndProject
Project("{FAE04EC0-301F-11D3-BF4B-00C04F79EFBC}") = "HBD.Services.Singleton.4x", "HBD.Services.Singleton.4x\HBD.Services.Singleton.4x.csproj", "{C47F7498-F240-4045-987F-2259C02F8834}"
EndProject
Project("{9A19103F-16F7-4668-BE54-9A1E7A4F7556}") = "HBD.Services.Singleton.St16", "HBD.Services.Singleton.St16\HBD.Services.Singleton.St16.csproj", "{BF6ADBD2-73B3-4EEE-88AA-E473D0E3077F}"
EndProject
Project("{9A19103F-16F7-4668-BE54-9A1E7A4F7556}") = "HBD.Services.Singleton.St20", "HBD.Services.Singleton.St20\HBD.Services.Singleton.St20.csproj", "{F1203106-35B5-495C-AEED-338098E0ED3F}"
EndProject
Project("{2150E333-8FDC-42A3-9474-1A3956D46DE8}") = "3.Tests", "3.Tests", "{E8D014E9-7D81-4E91-BB6C-C00CD6C1AD62}"
EndProject
Project("{9A19103F-16F7-4668-BE54-9A1E7A4F7556}") = "HBD.Services.Singleton.StTests", "HBD.Services.Singleton.StTests\HBD.Services.Singleton.StTests.csproj", "{2A15B663-5E56-4038-BF03-9B1D9E2495F4}"
EndProject
Project("{FAE04EC0-301F-11D3-BF4B-00C04F79EFBC}") = "HBD.Services.Singleton.4xTests", "HBD.Services.Singleton.4xTests\HBD.Services.Singleton.4xTests.csproj", "{47EB2504-EBF1-43FE-A469-ED86DC057BF6}"
EndProject
Project("{2150E333-8FDC-42A3-9474-1A3956D46DE8}") = "Solution Items", "Solution Items", "{E55A0C26-565E-4773-8E79-57D5733EDCA1}"
	ProjectSection(SolutionItems) = preProject
		HBD.Singleton.nuspec = HBD.Singleton.nuspec
		ReadMe.md = ReadMe.md
	EndProjectSection
EndProject
Global
	GlobalSection(SharedMSBuildProjectFiles) = preSolution
		HBD.Services.Singleton.Share\HBD.Services.Singleton.Share.projitems*{6d0e49c4-94cb-4a14-bf00-be119f81ef70}*SharedItemsImports = 13
		HBD.Services.Singleton.Share\HBD.Services.Singleton.Share.projitems*{c47f7498-f240-4045-987f-2259c02f8834}*SharedItemsImports = 4
	EndGlobalSection
	GlobalSection(SolutionConfigurationPlatforms) = preSolution
		Debug|Any CPU = Debug|Any CPU
		Release|Any CPU = Release|Any CPU
	EndGlobalSection
	GlobalSection(ProjectConfigurationPlatforms) = postSolution
		{C47F7498-F240-4045-987F-2259C02F8834}.Debug|Any CPU.ActiveCfg = Debug|Any CPU
		{C47F7498-F240-4045-987F-2259C02F8834}.Debug|Any CPU.Build.0 = Debug|Any CPU
		{C47F7498-F240-4045-987F-2259C02F8834}.Release|Any CPU.ActiveCfg = Release|Any CPU
		{C47F7498-F240-4045-987F-2259C02F8834}.Release|Any CPU.Build.0 = Release|Any CPU
		{BF6ADBD2-73B3-4EEE-88AA-E473D0E3077F}.Debug|Any CPU.ActiveCfg = Debug|Any CPU
		{BF6ADBD2-73B3-4EEE-88AA-E473D0E3077F}.Debug|Any CPU.Build.0 = Debug|Any CPU
		{BF6ADBD2-73B3-4EEE-88AA-E473D0E3077F}.Release|Any CPU.ActiveCfg = Release|Any CPU
		{BF6ADBD2-73B3-4EEE-88AA-E473D0E3077F}.Release|Any CPU.Build.0 = Release|Any CPU
		{F1203106-35B5-495C-AEED-338098E0ED3F}.Debug|Any CPU.ActiveCfg = Debug|Any CPU
		{F1203106-35B5-495C-AEED-338098E0ED3F}.Debug|Any CPU.Build.0 = Debug|Any CPU
		{F1203106-35B5-495C-AEED-338098E0ED3F}.Release|Any CPU.ActiveCfg = Release|Any CPU
		{F1203106-35B5-495C-AEED-338098E0ED3F}.Release|Any CPU.Build.0 = Release|Any CPU
		{2A15B663-5E56-4038-BF03-9B1D9E2495F4}.Debug|Any CPU.ActiveCfg = Debug|Any CPU
		{2A15B663-5E56-4038-BF03-9B1D9E2495F4}.Debug|Any CPU.Build.0 = Debug|Any CPU
		{2A15B663-5E56-4038-BF03-9B1D9E2495F4}.Release|Any CPU.ActiveCfg = Release|Any CPU
		{2A15B663-5E56-4038-BF03-9B1D9E2495F4}.Release|Any CPU.Build.0 = Release|Any CPU
		{47EB2504-EBF1-43FE-A469-ED86DC057BF6}.Debug|Any CPU.ActiveCfg = Debug|Any CPU
		{47EB2504-EBF1-43FE-A469-ED86DC057BF6}.Debug|Any CPU.Build.0 = Debug|Any CPU
		{47EB2504-EBF1-43FE-A469-ED86DC057BF6}.Release|Any CPU.ActiveCfg = Release|Any CPU
		{47EB2504-EBF1-43FE-A469-ED86DC057BF6}.Release|Any CPU.Build.0 = Release|Any CPU
	EndGlobalSection
	GlobalSection(SolutionProperties) = preSolution
		HideSolutionNode = FALSE
	EndGlobalSection
	GlobalSection(NestedProjects) = preSolution
		{6D0E49C4-94CB-4A14-BF00-BE119F81EF70} = {AB2BAE19-DC69-495F-A58C-140F4A4FD656}
		{C47F7498-F240-4045-987F-2259C02F8834} = {9A97F051-5CF6-41AA-8B19-0ADD3B7B611F}
		{BF6ADBD2-73B3-4EEE-88AA-E473D0E3077F} = {9A97F051-5CF6-41AA-8B19-0ADD3B7B611F}
		{F1203106-35B5-495C-AEED-338098E0ED3F} = {9A97F051-5CF6-41AA-8B19-0ADD3B7B611F}
		{2A15B663-5E56-4038-BF03-9B1D9E2495F4} = {E8D014E9-7D81-4E91-BB6C-C00CD6C1AD62}
		{47EB2504-EBF1-43FE-A469-ED86DC057BF6} = {E8D014E9-7D81-4E91-BB6C-C00CD6C1AD62}
	EndGlobalSection
	GlobalSection(ExtensibilityGlobals) = postSolution
		SolutionGuid = {217BFC88-7713-4985-BD46-9C7A46615889}
	EndGlobalSection
EndGlobal
