
Microsoft Visual Studio Solution File, Format Version 12.00
# Visual Studio 15
VisualStudioVersion = 15.0.27428.2002
MinimumVisualStudioVersion = 10.0.40219.1
Project("{9A19103F-16F7-4668-BE54-9A1E7A4F7556}") = "HBD.Services.Email", "HBD.Services.Email\HBD.Services.Email.csproj", "{2302FBA6-C5AC-4EE8-9419-30052CAEEB9E}"
EndProject
Project("{9A19103F-16F7-4668-BE54-9A1E7A4F7556}") = "HBD.Services.Email.Tests", "HBD.Services.Email.Tests\HBD.Services.Email.Tests.csproj", "{D15288FF-7A02-4CBB-8FC0-B953C4854145}"
EndProject
Project("{FAE04EC0-301F-11D3-BF4B-00C04F79EFBC}") = "HBD.Services.Email.4xTests", "HBD.Services.Email.4xTests\HBD.Services.Email.4xTests.csproj", "{E4774566-FFEF-441A-BCB6-C8085CB6A1E4}"
EndProject
Global
	GlobalSection(SolutionConfigurationPlatforms) = preSolution
		Debug|Any CPU = Debug|Any CPU
		Release|Any CPU = Release|Any CPU
	EndGlobalSection
	GlobalSection(ProjectConfigurationPlatforms) = postSolution
		{2302FBA6-C5AC-4EE8-9419-30052CAEEB9E}.Debug|Any CPU.ActiveCfg = Debug|Any CPU
		{2302FBA6-C5AC-4EE8-9419-30052CAEEB9E}.Debug|Any CPU.Build.0 = Debug|Any CPU
		{2302FBA6-C5AC-4EE8-9419-30052CAEEB9E}.Release|Any CPU.ActiveCfg = Release|Any CPU
		{2302FBA6-C5AC-4EE8-9419-30052CAEEB9E}.Release|Any CPU.Build.0 = Release|Any CPU
		{D15288FF-7A02-4CBB-8FC0-B953C4854145}.Debug|Any CPU.ActiveCfg = Debug|Any CPU
		{D15288FF-7A02-4CBB-8FC0-B953C4854145}.Debug|Any CPU.Build.0 = Debug|Any CPU
		{D15288FF-7A02-4CBB-8FC0-B953C4854145}.Release|Any CPU.ActiveCfg = Release|Any CPU
		{D15288FF-7A02-4CBB-8FC0-B953C4854145}.Release|Any CPU.Build.0 = Release|Any CPU
		{E4774566-FFEF-441A-BCB6-C8085CB6A1E4}.Debug|Any CPU.ActiveCfg = Debug|Any CPU
		{E4774566-FFEF-441A-BCB6-C8085CB6A1E4}.Debug|Any CPU.Build.0 = Debug|Any CPU
		{E4774566-FFEF-441A-BCB6-C8085CB6A1E4}.Release|Any CPU.ActiveCfg = Release|Any CPU
		{E4774566-FFEF-441A-BCB6-C8085CB6A1E4}.Release|Any CPU.Build.0 = Release|Any CPU
	EndGlobalSection
	GlobalSection(SolutionProperties) = preSolution
		HideSolutionNode = FALSE
	EndGlobalSection
	GlobalSection(ExtensibilityGlobals) = postSolution
		SolutionGuid = {426905B4-4E14-4DEB-A037-97D0DE722961}
	EndGlobalSection
EndGlobal
